// !$*UTF8*$!
{
	archiveVersion = 1;
	classes = {
	};
	objectVersion = 55;
	objects = {

/* Begin PBXBuildFile section */
		B82C0BD92816907C0064BDE2 /* ScheduleApp.swift in Sources */ = {isa = PBXBuildFile; fileRef = B82C0BD82816907C0064BDE2 /* ScheduleApp.swift */; };
		B82C0BDB2816907C0064BDE2 /* ContentView.swift in Sources */ = {isa = PBXBuildFile; fileRef = B82C0BDA2816907C0064BDE2 /* ContentView.swift */; };
		B82C0BDD2816907D0064BDE2 /* Assets.xcassets in Resources */ = {isa = PBXBuildFile; fileRef = B82C0BDC2816907D0064BDE2 /* Assets.xcassets */; };
		B82C0BE02816907D0064BDE2 /* Preview Assets.xcassets in Resources */ = {isa = PBXBuildFile; fileRef = B82C0BDF2816907D0064BDE2 /* Preview Assets.xcassets */; };
		B82C0BEE281691A20064BDE2 /* ScheduleView.swift in Sources */ = {isa = PBXBuildFile; fileRef = B82C0BED281691A20064BDE2 /* ScheduleView.swift */; };
		B82C0BF0281691B90064BDE2 /* AboutView.swift in Sources */ = {isa = PBXBuildFile; fileRef = B82C0BEF281691B90064BDE2 /* AboutView.swift */; };
		B82C0BF2281691D10064BDE2 /* ScheduleViewModel.swift in Sources */ = {isa = PBXBuildFile; fileRef = B82C0BF1281691D10064BDE2 /* ScheduleViewModel.swift */; };
		B82C0BF4281692340064BDE2 /* LessonView.swift in Sources */ = {isa = PBXBuildFile; fileRef = B82C0BF3281692340064BDE2 /* LessonView.swift */; };
		B82C0BF6281698540064BDE2 /* LessonType.swift in Sources */ = {isa = PBXBuildFile; fileRef = B82C0BF5281698540064BDE2 /* LessonType.swift */; };
		B82C0BF828169B480064BDE2 /* LessonModel.swift in Sources */ = {isa = PBXBuildFile; fileRef = B82C0BF728169B480064BDE2 /* LessonModel.swift */; };
		B82C0BFA2816A0130064BDE2 /* TextStyles.swift in Sources */ = {isa = PBXBuildFile; fileRef = B82C0BF92816A0130064BDE2 /* TextStyles.swift */; };
		B857D0F32818299E004E9E6E /* DatabaseLesson.swift in Sources */ = {isa = PBXBuildFile; fileRef = B857D0F22818299E004E9E6E /* DatabaseLesson.swift */; };
		B857D0F5281831EA004E9E6E /* AddLessonViewModel.swift in Sources */ = {isa = PBXBuildFile; fileRef = B857D0F4281831EA004E9E6E /* AddLessonViewModel.swift */; };
		B86494DA281BE453003E55B3 /* LessonView2.swift in Sources */ = {isa = PBXBuildFile; fileRef = B86494D9281BE453003E55B3 /* LessonView2.swift */; };
		B864FBB92816A53400419C98 /* TabBar.swift in Sources */ = {isa = PBXBuildFile; fileRef = B864FBB82816A53400419C98 /* TabBar.swift */; };
		B864FBBB2816A5F300419C98 /* Tab.swift in Sources */ = {isa = PBXBuildFile; fileRef = B864FBBA2816A5F300419C98 /* Tab.swift */; };
		B864FBBD2816A77200419C98 /* PreferenceKeys.swift in Sources */ = {isa = PBXBuildFile; fileRef = B864FBBC2816A77200419C98 /* PreferenceKeys.swift */; };
		B86C2661281ABD88005E20AC /* EditLessonView.swift in Sources */ = {isa = PBXBuildFile; fileRef = B86C2660281ABD88005E20AC /* EditLessonView.swift */; };
		B86C2663281AD0FE005E20AC /* EditLessonViewModel.swift in Sources */ = {isa = PBXBuildFile; fileRef = B86C2662281AD0FE005E20AC /* EditLessonViewModel.swift */; };
		B8C7038C2817C9D000FFA615 /* TabItem.swift in Sources */ = {isa = PBXBuildFile; fileRef = B8C7038B2817C9D000FFA615 /* TabItem.swift */; };
		B8C7038E2817E28E00FFA615 /* AddLessonView.swift in Sources */ = {isa = PBXBuildFile; fileRef = B8C7038D2817E28E00FFA615 /* AddLessonView.swift */; };
		B8C703902817E41F00FFA615 /* TextFieldStyles.swift in Sources */ = {isa = PBXBuildFile; fileRef = B8C7038F2817E41F00FFA615 /* TextFieldStyles.swift */; };
		B8C703922817ECDD00FFA615 /* Week.swift in Sources */ = {isa = PBXBuildFile; fileRef = B8C703912817ECDD00FFA615 /* Week.swift */; };
		B8C703942817FD7C00FFA615 /* ButtonStyles.swift in Sources */ = {isa = PBXBuildFile; fileRef = B8C703932817FD7C00FFA615 /* ButtonStyles.swift */; };
		B8C703972818280100FFA615 /* Realm in Frameworks */ = {isa = PBXBuildFile; productRef = B8C703962818280100FFA615 /* Realm */; };
		B8C703992818280100FFA615 /* RealmSwift in Frameworks */ = {isa = PBXBuildFile; productRef = B8C703982818280100FFA615 /* RealmSwift */; };
		B8DD59522816D5E000BDE4FA /* ViewStyles.swift in Sources */ = {isa = PBXBuildFile; fileRef = B8DD59512816D5E000BDE4FA /* ViewStyles.swift */; };
		B8DD59552816E1D800BDE4FA /* DatabaseManager.swift in Sources */ = {isa = PBXBuildFile; fileRef = B8DD59542816E1D800BDE4FA /* DatabaseManager.swift */; };
/* End PBXBuildFile section */

/* Begin PBXFileReference section */
		B82C0BD52816907C0064BDE2 /* Schedule.app */ = {isa = PBXFileReference; explicitFileType = wrapper.application; includeInIndex = 0; path = Schedule.app; sourceTree = BUILT_PRODUCTS_DIR; };
		B82C0BD82816907C0064BDE2 /* ScheduleApp.swift */ = {isa = PBXFileReference; lastKnownFileType = sourcecode.swift; path = ScheduleApp.swift; sourceTree = "<group>"; };
		B82C0BDA2816907C0064BDE2 /* ContentView.swift */ = {isa = PBXFileReference; lastKnownFileType = sourcecode.swift; path = ContentView.swift; sourceTree = "<group>"; };
		B82C0BDC2816907D0064BDE2 /* Assets.xcassets */ = {isa = PBXFileReference; lastKnownFileType = folder.assetcatalog; path = Assets.xcassets; sourceTree = "<group>"; };
		B82C0BDF2816907D0064BDE2 /* Preview Assets.xcassets */ = {isa = PBXFileReference; lastKnownFileType = folder.assetcatalog; path = "Preview Assets.xcassets"; sourceTree = "<group>"; };
		B82C0BED281691A20064BDE2 /* ScheduleView.swift */ = {isa = PBXFileReference; lastKnownFileType = sourcecode.swift; path = ScheduleView.swift; sourceTree = "<group>"; };
		B82C0BEF281691B90064BDE2 /* AboutView.swift */ = {isa = PBXFileReference; lastKnownFileType = sourcecode.swift; path = AboutView.swift; sourceTree = "<group>"; };
		B82C0BF1281691D10064BDE2 /* ScheduleViewModel.swift */ = {isa = PBXFileReference; lastKnownFileType = sourcecode.swift; path = ScheduleViewModel.swift; sourceTree = "<group>"; };
		B82C0BF3281692340064BDE2 /* LessonView.swift */ = {isa = PBXFileReference; lastKnownFileType = sourcecode.swift; path = LessonView.swift; sourceTree = "<group>"; };
		B82C0BF5281698540064BDE2 /* LessonType.swift */ = {isa = PBXFileReference; lastKnownFileType = sourcecode.swift; path = LessonType.swift; sourceTree = "<group>"; };
		B82C0BF728169B480064BDE2 /* LessonModel.swift */ = {isa = PBXFileReference; lastKnownFileType = sourcecode.swift; path = LessonModel.swift; sourceTree = "<group>"; };
		B82C0BF92816A0130064BDE2 /* TextStyles.swift */ = {isa = PBXFileReference; lastKnownFileType = sourcecode.swift; path = TextStyles.swift; sourceTree = "<group>"; };
		B857D0F22818299E004E9E6E /* DatabaseLesson.swift */ = {isa = PBXFileReference; lastKnownFileType = sourcecode.swift; path = DatabaseLesson.swift; sourceTree = "<group>"; };
		B857D0F4281831EA004E9E6E /* AddLessonViewModel.swift */ = {isa = PBXFileReference; lastKnownFileType = sourcecode.swift; path = AddLessonViewModel.swift; sourceTree = "<group>"; };
		B86494D9281BE453003E55B3 /* LessonView2.swift */ = {isa = PBXFileReference; lastKnownFileType = sourcecode.swift; path = LessonView2.swift; sourceTree = "<group>"; };
		B864FBB82816A53400419C98 /* TabBar.swift */ = {isa = PBXFileReference; lastKnownFileType = sourcecode.swift; path = TabBar.swift; sourceTree = "<group>"; };
		B864FBBA2816A5F300419C98 /* Tab.swift */ = {isa = PBXFileReference; lastKnownFileType = sourcecode.swift; path = Tab.swift; sourceTree = "<group>"; };
		B864FBBC2816A77200419C98 /* PreferenceKeys.swift */ = {isa = PBXFileReference; lastKnownFileType = sourcecode.swift; path = PreferenceKeys.swift; sourceTree = "<group>"; };
		B86C2660281ABD88005E20AC /* EditLessonView.swift */ = {isa = PBXFileReference; lastKnownFileType = sourcecode.swift; path = EditLessonView.swift; sourceTree = "<group>"; };
		B86C2662281AD0FE005E20AC /* EditLessonViewModel.swift */ = {isa = PBXFileReference; lastKnownFileType = sourcecode.swift; path = EditLessonViewModel.swift; sourceTree = "<group>"; };
		B8C7038B2817C9D000FFA615 /* TabItem.swift */ = {isa = PBXFileReference; lastKnownFileType = sourcecode.swift; path = TabItem.swift; sourceTree = "<group>"; };
		B8C7038D2817E28E00FFA615 /* AddLessonView.swift */ = {isa = PBXFileReference; lastKnownFileType = sourcecode.swift; path = AddLessonView.swift; sourceTree = "<group>"; };
		B8C7038F2817E41F00FFA615 /* TextFieldStyles.swift */ = {isa = PBXFileReference; lastKnownFileType = sourcecode.swift; path = TextFieldStyles.swift; sourceTree = "<group>"; };
		B8C703912817ECDD00FFA615 /* Week.swift */ = {isa = PBXFileReference; lastKnownFileType = sourcecode.swift; path = Week.swift; sourceTree = "<group>"; };
		B8C703932817FD7C00FFA615 /* ButtonStyles.swift */ = {isa = PBXFileReference; lastKnownFileType = sourcecode.swift; path = ButtonStyles.swift; sourceTree = "<group>"; };
		B8DD59512816D5E000BDE4FA /* ViewStyles.swift */ = {isa = PBXFileReference; lastKnownFileType = sourcecode.swift; path = ViewStyles.swift; sourceTree = "<group>"; };
		B8DD59542816E1D800BDE4FA /* DatabaseManager.swift */ = {isa = PBXFileReference; lastKnownFileType = sourcecode.swift; path = DatabaseManager.swift; sourceTree = "<group>"; };
/* End PBXFileReference section */

/* Begin PBXFrameworksBuildPhase section */
		B82C0BD22816907C0064BDE2 /* Frameworks */ = {
			isa = PBXFrameworksBuildPhase;
			buildActionMask = 2147483647;
			files = (
				B8C703992818280100FFA615 /* RealmSwift in Frameworks */,
				B8C703972818280100FFA615 /* Realm in Frameworks */,
			);
			runOnlyForDeploymentPostprocessing = 0;
		};
/* End PBXFrameworksBuildPhase section */

/* Begin PBXGroup section */
		B82C0BCC2816907C0064BDE2 = {
			isa = PBXGroup;
			children = (
				B82C0BD72816907C0064BDE2 /* Schedule */,
				B82C0BD62816907C0064BDE2 /* Products */,
			);
			sourceTree = "<group>";
		};
		B82C0BD62816907C0064BDE2 /* Products */ = {
			isa = PBXGroup;
			children = (
				B82C0BD52816907C0064BDE2 /* Schedule.app */,
			);
			name = Products;
			sourceTree = "<group>";
		};
		B82C0BD72816907C0064BDE2 /* Schedule */ = {
			isa = PBXGroup;
			children = (
				B82C0BD82816907C0064BDE2 /* ScheduleApp.swift */,
				B8DD59532816E1BE00BDE4FA /* Database */,
				B82C0BE6281690A20064BDE2 /* Navigation */,
				B82C0BE7281690AC0064BDE2 /* Views */,
				B82C0BE8281690B20064BDE2 /* ViewModels */,
				B82C0BE9281690C50064BDE2 /* Models */,
				B82C0BEC2816910F0064BDE2 /* Components */,
				B82C0BEA281690CB0064BDE2 /* Styles */,
				B82C0BEB281690D50064BDE2 /* Extensions */,
				B82C0BDC2816907D0064BDE2 /* Assets.xcassets */,
				B82C0BDE2816907D0064BDE2 /* Preview Content */,
			);
			path = Schedule;
			sourceTree = "<group>";
		};
		B82C0BDE2816907D0064BDE2 /* Preview Content */ = {
			isa = PBXGroup;
			children = (
				B82C0BDF2816907D0064BDE2 /* Preview Assets.xcassets */,
			);
			path = "Preview Content";
			sourceTree = "<group>";
		};
		B82C0BE6281690A20064BDE2 /* Navigation */ = {
			isa = PBXGroup;
			children = (
				B82C0BDA2816907C0064BDE2 /* ContentView.swift */,
				B864FBB82816A53400419C98 /* TabBar.swift */,
			);
			path = Navigation;
			sourceTree = "<group>";
		};
		B82C0BE7281690AC0064BDE2 /* Views */ = {
			isa = PBXGroup;
			children = (
				B82C0BED281691A20064BDE2 /* ScheduleView.swift */,
				B82C0BEF281691B90064BDE2 /* AboutView.swift */,
				B8C7038D2817E28E00FFA615 /* AddLessonView.swift */,
				B86C2660281ABD88005E20AC /* EditLessonView.swift */,
			);
			path = Views;
			sourceTree = "<group>";
		};
		B82C0BE8281690B20064BDE2 /* ViewModels */ = {
			isa = PBXGroup;
			children = (
				B82C0BF1281691D10064BDE2 /* ScheduleViewModel.swift */,
				B857D0F4281831EA004E9E6E /* AddLessonViewModel.swift */,
				B86C2662281AD0FE005E20AC /* EditLessonViewModel.swift */,
			);
			path = ViewModels;
			sourceTree = "<group>";
		};
		B82C0BE9281690C50064BDE2 /* Models */ = {
			isa = PBXGroup;
			children = (
				B82C0BF5281698540064BDE2 /* LessonType.swift */,
				B82C0BF728169B480064BDE2 /* LessonModel.swift */,
				B864FBBA2816A5F300419C98 /* Tab.swift */,
				B8C7038B2817C9D000FFA615 /* TabItem.swift */,
				B864FBBC2816A77200419C98 /* PreferenceKeys.swift */,
				B8C703912817ECDD00FFA615 /* Week.swift */,
			);
			path = Models;
			sourceTree = "<group>";
		};
		B82C0BEA281690CB0064BDE2 /* Styles */ = {
			isa = PBXGroup;
			children = (
				B82C0BF92816A0130064BDE2 /* TextStyles.swift */,
				B8DD59512816D5E000BDE4FA /* ViewStyles.swift */,
				B8C7038F2817E41F00FFA615 /* TextFieldStyles.swift */,
				B8C703932817FD7C00FFA615 /* ButtonStyles.swift */,
			);
			path = Styles;
			sourceTree = "<group>";
		};
		B82C0BEB281690D50064BDE2 /* Extensions */ = {
			isa = PBXGroup;
			children = (
			);
			path = Extensions;
			sourceTree = "<group>";
		};
		B82C0BEC2816910F0064BDE2 /* Components */ = {
			isa = PBXGroup;
			children = (
				B82C0BF3281692340064BDE2 /* LessonView.swift */,
				B86494D9281BE453003E55B3 /* LessonView2.swift */,
			);
			path = Components;
			sourceTree = "<group>";
		};
		B8DD59532816E1BE00BDE4FA /* Database */ = {
			isa = PBXGroup;
			children = (
				B8DD59542816E1D800BDE4FA /* DatabaseManager.swift */,
				B857D0F22818299E004E9E6E /* DatabaseLesson.swift */,
			);
			path = Database;
			sourceTree = "<group>";
		};
/* End PBXGroup section */

/* Begin PBXNativeTarget section */
		B82C0BD42816907C0064BDE2 /* Schedule */ = {
			isa = PBXNativeTarget;
			buildConfigurationList = B82C0BE32816907D0064BDE2 /* Build configuration list for PBXNativeTarget "Schedule" */;
			buildPhases = (
				B82C0BD12816907C0064BDE2 /* Sources */,
				B82C0BD22816907C0064BDE2 /* Frameworks */,
				B82C0BD32816907C0064BDE2 /* Resources */,
			);
			buildRules = (
			);
			dependencies = (
			);
			name = Schedule;
			packageProductDependencies = (
				B8C703962818280100FFA615 /* Realm */,
				B8C703982818280100FFA615 /* RealmSwift */,
			);
			productName = Schedule;
			productReference = B82C0BD52816907C0064BDE2 /* Schedule.app */;
			productType = "com.apple.product-type.application";
		};
/* End PBXNativeTarget section */

/* Begin PBXProject section */
		B82C0BCD2816907C0064BDE2 /* Project object */ = {
			isa = PBXProject;
			attributes = {
				BuildIndependentTargetsInParallel = 1;
				LastSwiftUpdateCheck = 1330;
				LastUpgradeCheck = 1330;
				TargetAttributes = {
					B82C0BD42816907C0064BDE2 = {
						CreatedOnToolsVersion = 13.3;
					};
				};
			};
			buildConfigurationList = B82C0BD02816907C0064BDE2 /* Build configuration list for PBXProject "Schedule" */;
			compatibilityVersion = "Xcode 13.0";
			developmentRegion = en;
			hasScannedForEncodings = 0;
			knownRegions = (
				en,
				Base,
			);
			mainGroup = B82C0BCC2816907C0064BDE2;
			packageReferences = (
				B8C703952818280100FFA615 /* XCRemoteSwiftPackageReference "realm-swift" */,
			);
			productRefGroup = B82C0BD62816907C0064BDE2 /* Products */;
			projectDirPath = "";
			projectRoot = "";
			targets = (
				B82C0BD42816907C0064BDE2 /* Schedule */,
			);
		};
/* End PBXProject section */

/* Begin PBXResourcesBuildPhase section */
		B82C0BD32816907C0064BDE2 /* Resources */ = {
			isa = PBXResourcesBuildPhase;
			buildActionMask = 2147483647;
			files = (
				B82C0BE02816907D0064BDE2 /* Preview Assets.xcassets in Resources */,
				B82C0BDD2816907D0064BDE2 /* Assets.xcassets in Resources */,
			);
			runOnlyForDeploymentPostprocessing = 0;
		};
/* End PBXResourcesBuildPhase section */

/* Begin PBXSourcesBuildPhase section */
		B82C0BD12816907C0064BDE2 /* Sources */ = {
			isa = PBXSourcesBuildPhase;
			buildActionMask = 2147483647;
			files = (
				B857D0F32818299E004E9E6E /* DatabaseLesson.swift in Sources */,
				B82C0BF6281698540064BDE2 /* LessonType.swift in Sources */,
				B82C0BF828169B480064BDE2 /* LessonModel.swift in Sources */,
				B8C703902817E41F00FFA615 /* TextFieldStyles.swift in Sources */,
				B86C2663281AD0FE005E20AC /* EditLessonViewModel.swift in Sources */,
				B8DD59522816D5E000BDE4FA /* ViewStyles.swift in Sources */,
				B82C0BF0281691B90064BDE2 /* AboutView.swift in Sources */,
				B857D0F5281831EA004E9E6E /* AddLessonViewModel.swift in Sources */,
				B8C703922817ECDD00FFA615 /* Week.swift in Sources */,
				B86C2661281ABD88005E20AC /* EditLessonView.swift in Sources */,
				B82C0BFA2816A0130064BDE2 /* TextStyles.swift in Sources */,
				B82C0BDB2816907C0064BDE2 /* ContentView.swift in Sources */,
				B8C7038E2817E28E00FFA615 /* AddLessonView.swift in Sources */,
				B86494DA281BE453003E55B3 /* LessonView2.swift in Sources */,
				B8DD59552816E1D800BDE4FA /* DatabaseManager.swift in Sources */,
				B864FBBB2816A5F300419C98 /* Tab.swift in Sources */,
				B8C703942817FD7C00FFA615 /* ButtonStyles.swift in Sources */,
				B8C7038C2817C9D000FFA615 /* TabItem.swift in Sources */,
				B82C0BD92816907C0064BDE2 /* ScheduleApp.swift in Sources */,
				B82C0BF2281691D10064BDE2 /* ScheduleViewModel.swift in Sources */,
				B82C0BF4281692340064BDE2 /* LessonView.swift in Sources */,
				B82C0BEE281691A20064BDE2 /* ScheduleView.swift in Sources */,
				B864FBBD2816A77200419C98 /* PreferenceKeys.swift in Sources */,
				B864FBB92816A53400419C98 /* TabBar.swift in Sources */,
			);
			runOnlyForDeploymentPostprocessing = 0;
		};
/* End PBXSourcesBuildPhase section */

/* Begin XCBuildConfiguration section */
		B82C0BE12816907D0064BDE2 /* Debug */ = {
			isa = XCBuildConfiguration;
			buildSettings = {
				ALWAYS_SEARCH_USER_PATHS = NO;
				CLANG_ANALYZER_NONNULL = YES;
				CLANG_ANALYZER_NUMBER_OBJECT_CONVERSION = YES_AGGRESSIVE;
				CLANG_CXX_LANGUAGE_STANDARD = "gnu++17";
				CLANG_ENABLE_MODULES = YES;
				CLANG_ENABLE_OBJC_ARC = YES;
				CLANG_ENABLE_OBJC_WEAK = YES;
				CLANG_WARN_BLOCK_CAPTURE_AUTORELEASING = YES;
				CLANG_WARN_BOOL_CONVERSION = YES;
				CLANG_WARN_COMMA = YES;
				CLANG_WARN_CONSTANT_CONVERSION = YES;
				CLANG_WARN_DEPRECATED_OBJC_IMPLEMENTATIONS = YES;
				CLANG_WARN_DIRECT_OBJC_ISA_USAGE = YES_ERROR;
				CLANG_WARN_DOCUMENTATION_COMMENTS = YES;
				CLANG_WARN_EMPTY_BODY = YES;
				CLANG_WARN_ENUM_CONVERSION = YES;
				CLANG_WARN_INFINITE_RECURSION = YES;
				CLANG_WARN_INT_CONVERSION = YES;
				CLANG_WARN_NON_LITERAL_NULL_CONVERSION = YES;
				CLANG_WARN_OBJC_IMPLICIT_RETAIN_SELF = YES;
				CLANG_WARN_OBJC_LITERAL_CONVERSION = YES;
				CLANG_WARN_OBJC_ROOT_CLASS = YES_ERROR;
				CLANG_WARN_QUOTED_INCLUDE_IN_FRAMEWORK_HEADER = YES;
				CLANG_WARN_RANGE_LOOP_ANALYSIS = YES;
				CLANG_WARN_STRICT_PROTOTYPES = YES;
				CLANG_WARN_SUSPICIOUS_MOVE = YES;
				CLANG_WARN_UNGUARDED_AVAILABILITY = YES_AGGRESSIVE;
				CLANG_WARN_UNREACHABLE_CODE = YES;
				CLANG_WARN__DUPLICATE_METHOD_MATCH = YES;
				COPY_PHASE_STRIP = NO;
				DEBUG_INFORMATION_FORMAT = dwarf;
				ENABLE_STRICT_OBJC_MSGSEND = YES;
				ENABLE_TESTABILITY = YES;
				GCC_C_LANGUAGE_STANDARD = gnu11;
				GCC_DYNAMIC_NO_PIC = NO;
				GCC_NO_COMMON_BLOCKS = YES;
				GCC_OPTIMIZATION_LEVEL = 0;
				GCC_PREPROCESSOR_DEFINITIONS = (
					"DEBUG=1",
					"$(inherited)",
				);
				GCC_WARN_64_TO_32_BIT_CONVERSION = YES;
				GCC_WARN_ABOUT_RETURN_TYPE = YES_ERROR;
				GCC_WARN_UNDECLARED_SELECTOR = YES;
				GCC_WARN_UNINITIALIZED_AUTOS = YES_AGGRESSIVE;
				GCC_WARN_UNUSED_FUNCTION = YES;
				GCC_WARN_UNUSED_VARIABLE = YES;
				IPHONEOS_DEPLOYMENT_TARGET = 15.0;
				MTL_ENABLE_DEBUG_INFO = INCLUDE_SOURCE;
				MTL_FAST_MATH = YES;
				ONLY_ACTIVE_ARCH = YES;
				SDKROOT = iphoneos;
				SWIFT_ACTIVE_COMPILATION_CONDITIONS = DEBUG;
				SWIFT_OPTIMIZATION_LEVEL = "-Onone";
			};
			name = Debug;
		};
		B82C0BE22816907D0064BDE2 /* Release */ = {
			isa = XCBuildConfiguration;
			buildSettings = {
				ALWAYS_SEARCH_USER_PATHS = NO;
				CLANG_ANALYZER_NONNULL = YES;
				CLANG_ANALYZER_NUMBER_OBJECT_CONVERSION = YES_AGGRESSIVE;
				CLANG_CXX_LANGUAGE_STANDARD = "gnu++17";
				CLANG_ENABLE_MODULES = YES;
				CLANG_ENABLE_OBJC_ARC = YES;
				CLANG_ENABLE_OBJC_WEAK = YES;
				CLANG_WARN_BLOCK_CAPTURE_AUTORELEASING = YES;
				CLANG_WARN_BOOL_CONVERSION = YES;
				CLANG_WARN_COMMA = YES;
				CLANG_WARN_CONSTANT_CONVERSION = YES;
				CLANG_WARN_DEPRECATED_OBJC_IMPLEMENTATIONS = YES;
				CLANG_WARN_DIRECT_OBJC_ISA_USAGE = YES_ERROR;
				CLANG_WARN_DOCUMENTATION_COMMENTS = YES;
				CLANG_WARN_EMPTY_BODY = YES;
				CLANG_WARN_ENUM_CONVERSION = YES;
				CLANG_WARN_INFINITE_RECURSION = YES;
				CLANG_WARN_INT_CONVERSION = YES;
				CLANG_WARN_NON_LITERAL_NULL_CONVERSION = YES;
				CLANG_WARN_OBJC_IMPLICIT_RETAIN_SELF = YES;
				CLANG_WARN_OBJC_LITERAL_CONVERSION = YES;
				CLANG_WARN_OBJC_ROOT_CLASS = YES_ERROR;
				CLANG_WARN_QUOTED_INCLUDE_IN_FRAMEWORK_HEADER = YES;
				CLANG_WARN_RANGE_LOOP_ANALYSIS = YES;
				CLANG_WARN_STRICT_PROTOTYPES = YES;
				CLANG_WARN_SUSPICIOUS_MOVE = YES;
				CLANG_WARN_UNGUARDED_AVAILABILITY = YES_AGGRESSIVE;
				CLANG_WARN_UNREACHABLE_CODE = YES;
				CLANG_WARN__DUPLICATE_METHOD_MATCH = YES;
				COPY_PHASE_STRIP = NO;
				DEBUG_INFORMATION_FORMAT = "dwarf-with-dsym";
				ENABLE_NS_ASSERTIONS = NO;
				ENABLE_STRICT_OBJC_MSGSEND = YES;
				GCC_C_LANGUAGE_STANDARD = gnu11;
				GCC_NO_COMMON_BLOCKS = YES;
				GCC_WARN_64_TO_32_BIT_CONVERSION = YES;
				GCC_WARN_ABOUT_RETURN_TYPE = YES_ERROR;
				GCC_WARN_UNDECLARED_SELECTOR = YES;
				GCC_WARN_UNINITIALIZED_AUTOS = YES_AGGRESSIVE;
				GCC_WARN_UNUSED_FUNCTION = YES;
				GCC_WARN_UNUSED_VARIABLE = YES;
				IPHONEOS_DEPLOYMENT_TARGET = 15.0;
				MTL_ENABLE_DEBUG_INFO = NO;
				MTL_FAST_MATH = YES;
				SDKROOT = iphoneos;
				SWIFT_COMPILATION_MODE = wholemodule;
				SWIFT_OPTIMIZATION_LEVEL = "-O";
				VALIDATE_PRODUCT = YES;
			};
			name = Release;
		};
		B82C0BE42816907D0064BDE2 /* Debug */ = {
			isa = XCBuildConfiguration;
			buildSettings = {
				ASSETCATALOG_COMPILER_APPICON_NAME = AppIcon;
				ASSETCATALOG_COMPILER_GLOBAL_ACCENT_COLOR_NAME = AccentColor;
				CODE_SIGN_STYLE = Automatic;
				CURRENT_PROJECT_VERSION = 1;
				DEVELOPMENT_ASSET_PATHS = "\"Schedule/Preview Content\"";
				DEVELOPMENT_TEAM = 5998BU97D3;
				ENABLE_PREVIEWS = YES;
				GENERATE_INFOPLIST_FILE = YES;
				INFOPLIST_KEY_UIApplicationSceneManifest_Generation = YES;
				INFOPLIST_KEY_UIApplicationSupportsIndirectInputEvents = YES;
				INFOPLIST_KEY_UILaunchScreen_Generation = YES;
				INFOPLIST_KEY_UISupportedInterfaceOrientations_iPad = "UIInterfaceOrientationPortrait UIInterfaceOrientationPortraitUpsideDown UIInterfaceOrientationLandscapeLeft UIInterfaceOrientationLandscapeRight";
				INFOPLIST_KEY_UISupportedInterfaceOrientations_iPhone = "UIInterfaceOrientationPortrait UIInterfaceOrientationLandscapeLeft UIInterfaceOrientationLandscapeRight";
				IPHONEOS_DEPLOYMENT_TARGET = 15.0;
				LD_RUNPATH_SEARCH_PATHS = (
					"$(inherited)",
					"@executable_path/Frameworks",
				);
				MARKETING_VERSION = 1.0;
				PRODUCT_BUNDLE_IDENTIFIER = artemiykutasevich.Schedule;
				PRODUCT_NAME = "$(TARGET_NAME)";
				SWIFT_EMIT_LOC_STRINGS = YES;
				SWIFT_VERSION = 5.0;
				TARGETED_DEVICE_FAMILY = 1;
			};
			name = Debug;
		};
		B82C0BE52816907D0064BDE2 /* Release */ = {
			isa = XCBuildConfiguration;
			buildSettings = {
				ASSETCATALOG_COMPILER_APPICON_NAME = AppIcon;
				ASSETCATALOG_COMPILER_GLOBAL_ACCENT_COLOR_NAME = AccentColor;
				CODE_SIGN_STYLE = Automatic;
				CURRENT_PROJECT_VERSION = 1;
				DEVELOPMENT_ASSET_PATHS = "\"Schedule/Preview Content\"";
				DEVELOPMENT_TEAM = 5998BU97D3;
				ENABLE_PREVIEWS = YES;
				GENERATE_INFOPLIST_FILE = YES;
				INFOPLIST_KEY_UIApplicationSceneManifest_Generation = YES;
				INFOPLIST_KEY_UIApplicationSupportsIndirectInputEvents = YES;
				INFOPLIST_KEY_UILaunchScreen_Generation = YES;
				INFOPLIST_KEY_UISupportedInterfaceOrientations_iPad = "UIInterfaceOrientationPortrait UIInterfaceOrientationPortraitUpsideDown UIInterfaceOrientationLandscapeLeft UIInterfaceOrientationLandscapeRight";
				INFOPLIST_KEY_UISupportedInterfaceOrientations_iPhone = "UIInterfaceOrientationPortrait UIInterfaceOrientationLandscapeLeft UIInterfaceOrientationLandscapeRight";
				IPHONEOS_DEPLOYMENT_TARGET = 15.0;
				LD_RUNPATH_SEARCH_PATHS = (
					"$(inherited)",
					"@executable_path/Frameworks",
				);
				MARKETING_VERSION = 1.0;
				PRODUCT_BUNDLE_IDENTIFIER = artemiykutasevich.Schedule;
				PRODUCT_NAME = "$(TARGET_NAME)";
				SWIFT_EMIT_LOC_STRINGS = YES;
				SWIFT_VERSION = 5.0;
				TARGETED_DEVICE_FAMILY = 1;
			};
			name = Release;
		};
/* End XCBuildConfiguration section */

/* Begin XCConfigurationList section */
		B82C0BD02816907C0064BDE2 /* Build configuration list for PBXProject "Schedule" */ = {
			isa = XCConfigurationList;
			buildConfigurations = (
				B82C0BE12816907D0064BDE2 /* Debug */,
				B82C0BE22816907D0064BDE2 /* Release */,
			);
			defaultConfigurationIsVisible = 0;
			defaultConfigurationName = Release;
		};
		B82C0BE32816907D0064BDE2 /* Build configuration list for PBXNativeTarget "Schedule" */ = {
			isa = XCConfigurationList;
			buildConfigurations = (
				B82C0BE42816907D0064BDE2 /* Debug */,
				B82C0BE52816907D0064BDE2 /* Release */,
			);
			defaultConfigurationIsVisible = 0;
			defaultConfigurationName = Release;
		};
/* End XCConfigurationList section */

/* Begin XCRemoteSwiftPackageReference section */
		B8C703952818280100FFA615 /* XCRemoteSwiftPackageReference "realm-swift" */ = {
			isa = XCRemoteSwiftPackageReference;
			repositoryURL = "https://github.com/realm/realm-swift";
			requirement = {
				branch = master;
				kind = branch;
			};
		};
/* End XCRemoteSwiftPackageReference section */

/* Begin XCSwiftPackageProductDependency section */
		B8C703962818280100FFA615 /* Realm */ = {
			isa = XCSwiftPackageProductDependency;
			package = B8C703952818280100FFA615 /* XCRemoteSwiftPackageReference "realm-swift" */;
			productName = Realm;
		};
		B8C703982818280100FFA615 /* RealmSwift */ = {
			isa = XCSwiftPackageProductDependency;
			package = B8C703952818280100FFA615 /* XCRemoteSwiftPackageReference "realm-swift" */;
			productName = RealmSwift;
		};
/* End XCSwiftPackageProductDependency section */
	};
	rootObject = B82C0BCD2816907C0064BDE2 /* Project object */;
}
